
Microsoft Visual Studio Solution File, Format Version 12.00
# Visual Studio 15
VisualStudioVersion = 15.0.28307.705
MinimumVisualStudioVersion = 10.0.40219.1
Project("{FAE04EC0-301F-11D3-BF4B-00C04F79EFBC}") = "clu.aspnet.webapplication.mvc.net", "clu.aspnet.webapplication.mvc.net\clu.aspnet.webapplication.mvc.net.csproj", "{5F64EC72-D25A-40F1-A037-BABE58747DCE}"
EndProject
Project("{FAE04EC0-301F-11D3-BF4B-00C04F79EFBC}") = "clu.aspnet.webapplication.mvc.net.unittests", "clu.aspnet.webapplication.mvc.net.unittests\clu.aspnet.webapplication.mvc.net.unittests.csproj", "{E3CBC958-5ACB-4205-90BF-7BBB2B4063EF}"
EndProject
Project("{2150E333-8FDC-42A3-9474-1A3956D46DE8}") = "Solution Items", "Solution Items", "{DAE78C33-337A-4DEE-BADD-61599418EBE2}"
	ProjectSection(SolutionItems) = preProject
		Notes 20486C.txt = Notes 20486C.txt
		Notes 20486D.txt = Notes 20486D.txt
	EndProjectSection
EndProject
Project("{9A19103F-16F7-4668-BE54-9A1E7A4F7556}") = "clu.aspnet.webapplication.mvc.core", "clu.aspnet.webapplication.mvc.core\clu.aspnet.webapplication.mvc.core.csproj", "{4EB2186A-9C9F-4CE9-943B-9253EC0DE1A3}"
EndProject
Project("{9A19103F-16F7-4668-BE54-9A1E7A4F7556}") = "clu.aspnet.webapplication.mvc.core.unittests", "clu.aspnet.webapplication.mvc.core.unittests\clu.aspnet.webapplication.mvc.core.unittests.csproj", "{81B721AE-03B8-4D9B-885F-B49B414F6EB5}"
EndProject
Project("{FAE04EC0-301F-11D3-BF4B-00C04F79EFBC}") = "clu.aspnet.webapplication.mvc.core.api", "clu.aspnet.webapplication.mvc.core.api\clu.aspnet.webapplication.mvc.core.api.csproj", "{F172BCF4-5CBB-4856-A48D-A2CFFA6EEFA0}"
EndProject
Global
	GlobalSection(SolutionConfigurationPlatforms) = preSolution
		Debug|Any CPU = Debug|Any CPU
		Release|Any CPU = Release|Any CPU
	EndGlobalSection
	GlobalSection(ProjectConfigurationPlatforms) = postSolution
		{5F64EC72-D25A-40F1-A037-BABE58747DCE}.Debug|Any CPU.ActiveCfg = Debug|Any CPU
		{5F64EC72-D25A-40F1-A037-BABE58747DCE}.Debug|Any CPU.Build.0 = Debug|Any CPU
		{5F64EC72-D25A-40F1-A037-BABE58747DCE}.Release|Any CPU.ActiveCfg = Release|Any CPU
		{5F64EC72-D25A-40F1-A037-BABE58747DCE}.Release|Any CPU.Build.0 = Release|Any CPU
		{E3CBC958-5ACB-4205-90BF-7BBB2B4063EF}.Debug|Any CPU.ActiveCfg = Debug|Any CPU
		{E3CBC958-5ACB-4205-90BF-7BBB2B4063EF}.Debug|Any CPU.Build.0 = Debug|Any CPU
		{E3CBC958-5ACB-4205-90BF-7BBB2B4063EF}.Release|Any CPU.ActiveCfg = Release|Any CPU
		{E3CBC958-5ACB-4205-90BF-7BBB2B4063EF}.Release|Any CPU.Build.0 = Release|Any CPU
		{4EB2186A-9C9F-4CE9-943B-9253EC0DE1A3}.Debug|Any CPU.ActiveCfg = Debug|Any CPU
		{4EB2186A-9C9F-4CE9-943B-9253EC0DE1A3}.Debug|Any CPU.Build.0 = Debug|Any CPU
		{4EB2186A-9C9F-4CE9-943B-9253EC0DE1A3}.Release|Any CPU.ActiveCfg = Release|Any CPU
		{4EB2186A-9C9F-4CE9-943B-9253EC0DE1A3}.Release|Any CPU.Build.0 = Release|Any CPU
		{81B721AE-03B8-4D9B-885F-B49B414F6EB5}.Debug|Any CPU.ActiveCfg = Debug|Any CPU
		{81B721AE-03B8-4D9B-885F-B49B414F6EB5}.Debug|Any CPU.Build.0 = Debug|Any CPU
		{81B721AE-03B8-4D9B-885F-B49B414F6EB5}.Release|Any CPU.ActiveCfg = Release|Any CPU
		{81B721AE-03B8-4D9B-885F-B49B414F6EB5}.Release|Any CPU.Build.0 = Release|Any CPU
		{F172BCF4-5CBB-4856-A48D-A2CFFA6EEFA0}.Debug|Any CPU.ActiveCfg = Debug|Any CPU
		{F172BCF4-5CBB-4856-A48D-A2CFFA6EEFA0}.Debug|Any CPU.Build.0 = Debug|Any CPU
		{F172BCF4-5CBB-4856-A48D-A2CFFA6EEFA0}.Release|Any CPU.ActiveCfg = Release|Any CPU
		{F172BCF4-5CBB-4856-A48D-A2CFFA6EEFA0}.Release|Any CPU.Build.0 = Release|Any CPU
	EndGlobalSection
	GlobalSection(SolutionProperties) = preSolution
		HideSolutionNode = FALSE
	EndGlobalSection
	GlobalSection(ExtensibilityGlobals) = postSolution
		SolutionGuid = {F17A297F-D80D-4C84-87B3-682BFD4D0A96}
	EndGlobalSection
EndGlobal
